
Microsoft Visual Studio Solution File, Format Version 12.00
# Visual Studio Version 17
VisualStudioVersion = 17.6.33815.320
MinimumVisualStudioVersion = 10.0.40219.1
Project("{9A19103F-16F7-4668-BE54-9A1E7A4F7556}") = "HMO_Project.Api", "HMO_Project\HMO_Project.Api.csproj", "{3B13DF77-AC9C-4A2B-85F2-3C1B535224C7}"
EndProject
Project("{9A19103F-16F7-4668-BE54-9A1E7A4F7556}") = "HMO_Project_Data", "HMO_Project_Data\HMO_Project_Data.csproj", "{DD9C1EFA-DAD5-4798-94D3-2A34363BAA16}"
EndProject
Project("{9A19103F-16F7-4668-BE54-9A1E7A4F7556}") = "HMO_Project.Service", "HMO_Project.Service\HMO_Project.Service.csproj", "{D69DAD15-8FD0-4B22-89DA-01EFA0326B17}"
EndProject
Project("{FAE04EC0-301F-11D3-BF4B-00C04F79EFBC}") = "HMO_Project.Core", "HMO_Project.Core\HMO_Project.Core.csproj", "{A4CF2675-1C78-4C02-85A3-E4C8440932B4}"
EndProject
Global
	GlobalSection(SolutionConfigurationPlatforms) = preSolution
		Debug|Any CPU = Debug|Any CPU
		Release|Any CPU = Release|Any CPU
	EndGlobalSection
	GlobalSection(ProjectConfigurationPlatforms) = postSolution
		{3B13DF77-AC9C-4A2B-85F2-3C1B535224C7}.Debug|Any CPU.ActiveCfg = Debug|Any CPU
		{3B13DF77-AC9C-4A2B-85F2-3C1B535224C7}.Debug|Any CPU.Build.0 = Debug|Any CPU
		{3B13DF77-AC9C-4A2B-85F2-3C1B535224C7}.Release|Any CPU.ActiveCfg = Release|Any CPU
		{3B13DF77-AC9C-4A2B-85F2-3C1B535224C7}.Release|Any CPU.Build.0 = Release|Any CPU
		{DD9C1EFA-DAD5-4798-94D3-2A34363BAA16}.Debug|Any CPU.ActiveCfg = Debug|Any CPU
		{DD9C1EFA-DAD5-4798-94D3-2A34363BAA16}.Debug|Any CPU.Build.0 = Debug|Any CPU
		{DD9C1EFA-DAD5-4798-94D3-2A34363BAA16}.Release|Any CPU.ActiveCfg = Release|Any CPU
		{DD9C1EFA-DAD5-4798-94D3-2A34363BAA16}.Release|Any CPU.Build.0 = Release|Any CPU
		{D69DAD15-8FD0-4B22-89DA-01EFA0326B17}.Debug|Any CPU.ActiveCfg = Debug|Any CPU
		{D69DAD15-8FD0-4B22-89DA-01EFA0326B17}.Debug|Any CPU.Build.0 = Debug|Any CPU
		{D69DAD15-8FD0-4B22-89DA-01EFA0326B17}.Release|Any CPU.ActiveCfg = Release|Any CPU
		{D69DAD15-8FD0-4B22-89DA-01EFA0326B17}.Release|Any CPU.Build.0 = Release|Any CPU
		{A4CF2675-1C78-4C02-85A3-E4C8440932B4}.Debug|Any CPU.ActiveCfg = Debug|Any CPU
		{A4CF2675-1C78-4C02-85A3-E4C8440932B4}.Debug|Any CPU.Build.0 = Debug|Any CPU
		{A4CF2675-1C78-4C02-85A3-E4C8440932B4}.Release|Any CPU.ActiveCfg = Release|Any CPU
		{A4CF2675-1C78-4C02-85A3-E4C8440932B4}.Release|Any CPU.Build.0 = Release|Any CPU
	EndGlobalSection
	GlobalSection(SolutionProperties) = preSolution
		HideSolutionNode = FALSE
	EndGlobalSection
	GlobalSection(ExtensibilityGlobals) = postSolution
		SolutionGuid = {57911DA4-316E-4D06-80B3-C2F73A3D66E6}
	EndGlobalSection
EndGlobal
